# This file was autogenerated by Stack.
# You should not edit this file by hand.
# For more information, please see the documentation at:
#   https://docs.haskellstack.org/en/stable/lock_files

packages: []
snapshots:
- completed:
    size: 628888
    url: https://raw.githubusercontent.com/commercialhaskell/stackage-snapshots/master/nightly/2022/8/3.yaml
    sha256: dd6841857e579eefd991c15a7786bf4b2ee8980eb047945b75d89ea5f4f7375f
  original: nightly-2022-08-03
